
Microsoft Visual Studio Solution File, Format Version 12.00
# Visual Studio Version 17
VisualStudioVersion = 17.3.32929.385
MinimumVisualStudioVersion = 10.0.40219.1
Project("{FAE04EC0-301F-11D3-BF4B-00C04F79EFBC}") = "LinkedList_Implementation_Solution", "LinkedList_Implementation_Solution\LinkedList_Implementation_Solution.csproj", "{9021BDE5-A915-44D6-B589-75973D69CB07}"
EndProject
Global
	GlobalSection(SolutionConfigurationPlatforms) = preSolution
		Debug|Any CPU = Debug|Any CPU
		Release|Any CPU = Release|Any CPU
	EndGlobalSection
	GlobalSection(ProjectConfigurationPlatforms) = postSolution
		{9021BDE5-A915-44D6-B589-75973D69CB07}.Debug|Any CPU.ActiveCfg = Debug|Any CPU
		{9021BDE5-A915-44D6-B589-75973D69CB07}.Debug|Any CPU.Build.0 = Debug|Any CPU
		{9021BDE5-A915-44D6-B589-75973D69CB07}.Release|Any CPU.ActiveCfg = Release|Any CPU
		{9021BDE5-A915-44D6-B589-75973D69CB07}.Release|Any CPU.Build.0 = Release|Any CPU
	EndGlobalSection
	GlobalSection(SolutionProperties) = preSolution
		HideSolutionNode = FALSE
	EndGlobalSection
	GlobalSection(ExtensibilityGlobals) = postSolution
		SolutionGuid = {A1D9C8F0-F1CE-4843-B5D1-F5A0A5C174E8}
	EndGlobalSection
EndGlobal
